
Microsoft Visual Studio Solution File, Format Version 11.00
# Visual Studio 2010
Project("{E24C65DC-7377-472B-9ABA-BC803B73C61A}") = "VB_Web_CRVObjMod_FilteringData", "VB_Web_CRVObjMod_FilteringData\", "{9D02D4C6-2405-4682-A682-19C1EE07DD5E}"
	ProjectSection(WebsiteProperties) = preProject
		TargetFrameworkMoniker = ".NETFramework,Version%3Dv4.0"
		Debug.AspNetCompiler.VirtualPath = "/VB_Web_CRVObjMod_FilteringData"
		Debug.AspNetCompiler.PhysicalPath = "VB_Web_CRVObjMod_FilteringData\"
		Debug.AspNetCompiler.TargetPath = "PrecompiledWeb\VB_Web_CRVObjMod_FilteringData\"
		Debug.AspNetCompiler.Updateable = "true"
		Debug.AspNetCompiler.ForceOverwrite = "true"
		Debug.AspNetCompiler.FixedNames = "false"
		Debug.AspNetCompiler.Debug = "True"
		Release.AspNetCompiler.VirtualPath = "/VB_Web_CRVObjMod_FilteringData"
		Release.AspNetCompiler.PhysicalPath = "VB_Web_CRVObjMod_FilteringData\"
		Release.AspNetCompiler.TargetPath = "PrecompiledWeb\VB_Web_CRVObjMod_FilteringData\"
		Release.AspNetCompiler.Updateable = "true"
		Release.AspNetCompiler.ForceOverwrite = "true"
		Release.AspNetCompiler.FixedNames = "false"
		Release.AspNetCompiler.Debug = "False"
		VWDPort = "10358"
		DefaultWebSiteLanguage = "Visual Basic"
	EndProjectSection
EndProject
Global
	GlobalSection(SolutionConfigurationPlatforms) = preSolution
		Debug|.NET = Debug|.NET
	EndGlobalSection
	GlobalSection(ProjectConfigurationPlatforms) = postSolution
		{9D02D4C6-2405-4682-A682-19C1EE07DD5E}.Debug|.NET.ActiveCfg = Debug|.NET
		{9D02D4C6-2405-4682-A682-19C1EE07DD5E}.Debug|.NET.Build.0 = Debug|.NET
	EndGlobalSection
	GlobalSection(SolutionProperties) = preSolution
		HideSolutionNode = FALSE
	EndGlobalSection
EndGlobal
