
Microsoft Visual Studio Solution File, Format Version 11.00
# Visual Studio 2010
Project("{E24C65DC-7377-472B-9ABA-BC803B73C61A}") = "CS_Web_RDObjMod_SavedDataSelectionFormula", "CS_Web_RDObjMod_SavedDataSelectionFormula\", "{193D47FB-01D5-482D-BF8A-923CC5771735}"
	ProjectSection(WebsiteProperties) = preProject
		TargetFrameworkMoniker = ".NETFramework,Version%3Dv4.0"
		Debug.AspNetCompiler.VirtualPath = "/CS_Web_RDObjMod_SavedDataSelectionFormula"
		Debug.AspNetCompiler.PhysicalPath = "CS_Web_RDObjMod_SavedDataSelectionFormula\"
		Debug.AspNetCompiler.TargetPath = "CS_Web_RDObjMod_SavedDataSelectionFormula\"
		Debug.AspNetCompiler.Updateable = "true"
		Debug.AspNetCompiler.ForceOverwrite = "true"
		Debug.AspNetCompiler.FixedNames = "false"
		Debug.AspNetCompiler.Debug = "True"
		Release.AspNetCompiler.VirtualPath = "/CS_Web_RDObjMod_SavedDataSelectionFormula"
		Release.AspNetCompiler.PhysicalPath = "CS_Web_RDObjMod_SavedDataSelectionFormula\"
		Release.AspNetCompiler.TargetPath = "CS_Web_RDObjMod_SavedDataSelectionFormula\"
		Release.AspNetCompiler.Updateable = "true"
		Release.AspNetCompiler.ForceOverwrite = "true"
		Release.AspNetCompiler.FixedNames = "false"
		Release.AspNetCompiler.Debug = "False"
		VWDPort = "4050"
		DefaultWebSiteLanguage = "Visual C#"
	EndProjectSection
EndProject
Global
	GlobalSection(SolutionConfigurationPlatforms) = preSolution
		Debug|.NET = Debug|.NET
	EndGlobalSection
	GlobalSection(ProjectConfigurationPlatforms) = postSolution
		{193D47FB-01D5-482D-BF8A-923CC5771735}.Debug|.NET.ActiveCfg = Debug|.NET
		{193D47FB-01D5-482D-BF8A-923CC5771735}.Debug|.NET.Build.0 = Debug|.NET
	EndGlobalSection
	GlobalSection(SolutionProperties) = preSolution
		HideSolutionNode = FALSE
	EndGlobalSection
EndGlobal
