
Microsoft Visual Studio Solution File, Format Version 11.00
# Visual Studio 2010
Project("{E24C65DC-7377-472B-9ABA-BC803B73C61A}") = "CS_Web_CRVObjMod_DBLogon", "CS_Web_CRVObjMod_DBLogon\", "{ED1A067F-10FF-448B-9EF2-58EFC5E9445C}"
	ProjectSection(WebsiteProperties) = preProject
		TargetFrameworkMoniker = ".NETFramework,Version%3Dv4.0"
		Debug.AspNetCompiler.VirtualPath = "/CS_Web_CRVObjMod_DBLogon"
		Debug.AspNetCompiler.PhysicalPath = "CS_Web_CRVObjMod_DBLogon\"
		Debug.AspNetCompiler.TargetPath = "PrecompiledWeb\CS_Web_CRVObjMod_DBLogon\"
		Debug.AspNetCompiler.Updateable = "true"
		Debug.AspNetCompiler.ForceOverwrite = "true"
		Debug.AspNetCompiler.FixedNames = "false"
		Debug.AspNetCompiler.Debug = "True"
		Release.AspNetCompiler.VirtualPath = "/CS_Web_CRVObjMod_DBLogon"
		Release.AspNetCompiler.PhysicalPath = "CS_Web_CRVObjMod_DBLogon\"
		Release.AspNetCompiler.TargetPath = "PrecompiledWeb\CS_Web_CRVObjMod_DBLogon\"
		Release.AspNetCompiler.Updateable = "true"
		Release.AspNetCompiler.ForceOverwrite = "true"
		Release.AspNetCompiler.FixedNames = "false"
		Release.AspNetCompiler.Debug = "False"
		VWDPort = "1273"
	EndProjectSection
EndProject
Global
	GlobalSection(SolutionConfigurationPlatforms) = preSolution
		Debug|.NET = Debug|.NET
	EndGlobalSection
	GlobalSection(ProjectConfigurationPlatforms) = postSolution
		{ED1A067F-10FF-448B-9EF2-58EFC5E9445C}.Debug|.NET.ActiveCfg = Debug|.NET
		{ED1A067F-10FF-448B-9EF2-58EFC5E9445C}.Debug|.NET.Build.0 = Debug|.NET
	EndGlobalSection
	GlobalSection(SolutionProperties) = preSolution
		HideSolutionNode = FALSE
	EndGlobalSection
EndGlobal
