Microsoft Visual Studio Solution File, Format Version 11.00
# Visual Studio 2010
Project("{E24C65DC-7377-472B-9ABA-BC803B73C61A}") = "CS_Web_ReducedCode_Parameters", "CS_Web_ReducedCode_Parameters\", "{EEE5BCC9-B1FE-41AE-84F8-3581197B938A}"
	ProjectSection(WebsiteProperties) = preProject
		TargetFrameworkMoniker = ".NETFramework,Version%3Dv4.0"
		Debug.AspNetCompiler.VirtualPath = "/CS_ReducedCode_Parameters"
		Debug.AspNetCompiler.PhysicalPath = "CS_ReducedCode_Parameters\"
		Debug.AspNetCompiler.TargetPath = "PrecompiledWeb\CS_ReducedCode_Parameters\"
		Debug.AspNetCompiler.Updateable = "true"
		Debug.AspNetCompiler.ForceOverwrite = "true"
		Debug.AspNetCompiler.FixedNames = "false"
		Debug.AspNetCompiler.Debug = "True"
		Release.AspNetCompiler.VirtualPath = "/CS_ReducedCode_Parameters"
		Release.AspNetCompiler.PhysicalPath = "CS_ReducedCode_Parameters\"
		Release.AspNetCompiler.TargetPath = "PrecompiledWeb\CS_ReducedCode_Parameters\"
		Release.AspNetCompiler.Updateable = "true"
		Release.AspNetCompiler.ForceOverwrite = "true"
		Release.AspNetCompiler.FixedNames = "false"
		Release.AspNetCompiler.Debug = "False"
		VWDPort = "3806"
		DefaultWebSiteLanguage = "Visual C#"
	EndProjectSection
EndProject
Global
	GlobalSection(SolutionConfigurationPlatforms) = preSolution
		Debug|.NET = Debug|.NET
	EndGlobalSection
	GlobalSection(ProjectConfigurationPlatforms) = postSolution
		{EEE5BCC9-B1FE-41AE-84F8-3581197B938A}.Debug|.NET.ActiveCfg = Debug|.NET
		{EEE5BCC9-B1FE-41AE-84F8-3581197B938A}.Debug|.NET.Build.0 = Debug|.NET
	EndGlobalSection
	GlobalSection(SolutionProperties) = preSolution
		HideSolutionNode = FALSE
	EndGlobalSection
EndGlobal
