Microsoft Visual Studio Solution File, Format Version 11.00
# Visual Studio 2010
Project("{E24C65DC-7377-472B-9ABA-BC803B73C61A}") = "VB_Web_ReducedCode_WebSiteSetup", "VB_Web_ReducedCode_WebSiteSetup\", "{057DA8B9-3595-46BD-9A05-A9618E858ACA}"
	ProjectSection(WebsiteProperties) = preProject
		TargetFrameworkMoniker = ".NETFramework,Version%3Dv4.0"
		Debug.AspNetCompiler.VirtualPath = "/VB_Web_ReducedCode_WebSiteSetup"
		Debug.AspNetCompiler.PhysicalPath = "VB_Web_ReducedCode_WebSiteSetup\"
		Debug.AspNetCompiler.TargetPath = "PrecompiledWeb\VB_Web_ReducedCode_WebSiteSetup\"
		Debug.AspNetCompiler.Updateable = "true"
		Debug.AspNetCompiler.ForceOverwrite = "true"
		Debug.AspNetCompiler.FixedNames = "false"
		Debug.AspNetCompiler.Debug = "True"
		Release.AspNetCompiler.VirtualPath = "/VB_Web_ReducedCode_WebSiteSetup"
		Release.AspNetCompiler.PhysicalPath = "VB_Web_ReducedCode_WebSiteSetup\"
		Release.AspNetCompiler.TargetPath = "PrecompiledWeb\VB_Web_ReducedCode_WebSiteSetup\"
		Release.AspNetCompiler.Updateable = "true"
		Release.AspNetCompiler.ForceOverwrite = "true"
		Release.AspNetCompiler.FixedNames = "false"
		Release.AspNetCompiler.Debug = "False"
		VWDPort = "1600"
		DefaultWebSiteLanguage = "Visual Basic"
	EndProjectSection
EndProject
Global
	GlobalSection(SolutionConfigurationPlatforms) = preSolution
		Debug|.NET = Debug|.NET
	EndGlobalSection
	GlobalSection(ProjectConfigurationPlatforms) = postSolution
		{057DA8B9-3595-46BD-9A05-A9618E858ACA}.Debug|.NET.ActiveCfg = Debug|.NET
		{057DA8B9-3595-46BD-9A05-A9618E858ACA}.Debug|.NET.Build.0 = Debug|.NET
	EndGlobalSection
	GlobalSection(SolutionProperties) = preSolution
		HideSolutionNode = FALSE
	EndGlobalSection
EndGlobal
