
Microsoft Visual Studio Solution File, Format Version 11.00
# Visual Studio 2010
Project("{E24C65DC-7377-472B-9ABA-BC803B73C61A}") = "CS_Web_ReducedCode_DBLogon", "CS_Web_ReducedCode_DBLogon\", "{115D4D97-0D28-4EEC-88B6-C691DC379713}"
	ProjectSection(WebsiteProperties) = preProject
		TargetFrameworkMoniker = ".NETFramework,Version%3Dv4.0"
		Debug.AspNetCompiler.VirtualPath = "/CS_Web_ReducedCode_DBLogon"
		Debug.AspNetCompiler.PhysicalPath = "CS_Web_ReducedCode_DBLogon\"
		Debug.AspNetCompiler.TargetPath = "PrecompiledWeb\CS_Web_ReducedCode_DBLogon\"
		Debug.AspNetCompiler.Updateable = "true"
		Debug.AspNetCompiler.ForceOverwrite = "true"
		Debug.AspNetCompiler.FixedNames = "false"
		Debug.AspNetCompiler.Debug = "True"
		Release.AspNetCompiler.VirtualPath = "/CS_Web_ReducedCode_DBLogon"
		Release.AspNetCompiler.PhysicalPath = "CS_Web_ReducedCode_DBLogon\"
		Release.AspNetCompiler.TargetPath = "PrecompiledWeb\CS_Web_ReducedCode_DBLogon\"
		Release.AspNetCompiler.Updateable = "true"
		Release.AspNetCompiler.ForceOverwrite = "true"
		Release.AspNetCompiler.FixedNames = "false"
		Release.AspNetCompiler.Debug = "False"
		VWDPort = "2902"
		DefaultWebSiteLanguage = "Visual C#"
	EndProjectSection
EndProject
Global
	GlobalSection(SolutionConfigurationPlatforms) = preSolution
		Debug|.NET = Debug|.NET
	EndGlobalSection
	GlobalSection(ProjectConfigurationPlatforms) = postSolution
		{115D4D97-0D28-4EEC-88B6-C691DC379713}.Debug|.NET.ActiveCfg = Debug|.NET
		{115D4D97-0D28-4EEC-88B6-C691DC379713}.Debug|.NET.Build.0 = Debug|.NET
	EndGlobalSection
	GlobalSection(SolutionProperties) = preSolution
		HideSolutionNode = FALSE
	EndGlobalSection
EndGlobal
