
Microsoft Visual Studio Solution File, Format Version 11.00
# Visual Studio 2010
Project("{E24C65DC-7377-472B-9ABA-BC803B73C61A}") = "VB_Web_ReducedCode_Parameters", "VB_Web_ReducedCode_Parameters\", "{D331FE50-185C-4266-9806-429D4028EC7B}"
	ProjectSection(WebsiteProperties) = preProject
		TargetFrameworkMoniker = ".NETFramework,Version%3Dv4.0"
		Debug.AspNetCompiler.VirtualPath = "/VB_Web_ReducedCode_Parameters"
		Debug.AspNetCompiler.PhysicalPath = "VB_Web_ReducedCode_Parameters\"
		Debug.AspNetCompiler.TargetPath = "PrecompiledWeb\VB_Web_ReducedCode_Parameters\"
		Debug.AspNetCompiler.Updateable = "true"
		Debug.AspNetCompiler.ForceOverwrite = "true"
		Debug.AspNetCompiler.FixedNames = "false"
		Debug.AspNetCompiler.Debug = "True"
		Release.AspNetCompiler.VirtualPath = "/VB_Web_ReducedCode_Parameters"
		Release.AspNetCompiler.PhysicalPath = "VB_Web_ReducedCode_Parameters\"
		Release.AspNetCompiler.TargetPath = "PrecompiledWeb\VB_Web_ReducedCode_Parameters\"
		Release.AspNetCompiler.Updateable = "true"
		Release.AspNetCompiler.ForceOverwrite = "true"
		Release.AspNetCompiler.FixedNames = "false"
		Release.AspNetCompiler.Debug = "False"
		VWDPort = "1418"
		DefaultWebSiteLanguage = "Visual Basic"
	EndProjectSection
EndProject
Global
	GlobalSection(SolutionConfigurationPlatforms) = preSolution
		Debug|.NET = Debug|.NET
	EndGlobalSection
	GlobalSection(ProjectConfigurationPlatforms) = postSolution
		{D331FE50-185C-4266-9806-429D4028EC7B}.Debug|.NET.ActiveCfg = Debug|.NET
		{D331FE50-185C-4266-9806-429D4028EC7B}.Debug|.NET.Build.0 = Debug|.NET
	EndGlobalSection
	GlobalSection(SolutionProperties) = preSolution
		HideSolutionNode = FALSE
	EndGlobalSection
EndGlobal
