
Microsoft Visual Studio Solution File, Format Version 11.00
# Visual Studio 2010
Project("{FAE04EC0-301F-11D3-BF4B-00C04F79EFBC}") = "CS_Win_RDObjMod_DBLogonIntegratedSecurity", "CS_Win_RDObjMod_DBLogonIntegratedSecurity\CS_Win_RDObjMod_DBLogonIntegratedSecurity.csproj", "{FCC36CFF-9C65-494F-8C04-5C761288C32E}"
EndProject
Global
	GlobalSection(SolutionConfigurationPlatforms) = preSolution
		Debug|Any CPU = Debug|Any CPU
		Release|Any CPU = Release|Any CPU
	EndGlobalSection
	GlobalSection(ProjectConfigurationPlatforms) = postSolution
		{FCC36CFF-9C65-494F-8C04-5C761288C32E}.Debug|Any CPU.ActiveCfg = Debug|Any CPU
		{FCC36CFF-9C65-494F-8C04-5C761288C32E}.Debug|Any CPU.Build.0 = Debug|Any CPU
		{FCC36CFF-9C65-494F-8C04-5C761288C32E}.Release|Any CPU.ActiveCfg = Release|Any CPU
		{FCC36CFF-9C65-494F-8C04-5C761288C32E}.Release|Any CPU.Build.0 = Release|Any CPU
	EndGlobalSection
	GlobalSection(SolutionProperties) = preSolution
		HideSolutionNode = FALSE
	EndGlobalSection
EndGlobal
