
Microsoft Visual Studio Solution File, Format Version 11.00
# Visual Studio 2010
Project("{FAE04EC0-301F-11D3-BF4B-00C04F79EFBC}") = "CS_Win_CRVObjMod_Parameters", "CS_Win_CRVObjMod_Parameters\CS_Win_CRVObjMod_Parameters.csproj", "{D38E8C92-4C84-4EA7-9D35-A18B4D29A36E}"
EndProject
Global
	GlobalSection(SolutionConfigurationPlatforms) = preSolution
		Debug|Any CPU = Debug|Any CPU
		Release|Any CPU = Release|Any CPU
	EndGlobalSection
	GlobalSection(ProjectConfigurationPlatforms) = postSolution
		{D38E8C92-4C84-4EA7-9D35-A18B4D29A36E}.Debug|Any CPU.ActiveCfg = Debug|Any CPU
		{D38E8C92-4C84-4EA7-9D35-A18B4D29A36E}.Debug|Any CPU.Build.0 = Debug|Any CPU
		{D38E8C92-4C84-4EA7-9D35-A18B4D29A36E}.Release|Any CPU.ActiveCfg = Release|Any CPU
		{D38E8C92-4C84-4EA7-9D35-A18B4D29A36E}.Release|Any CPU.Build.0 = Release|Any CPU
	EndGlobalSection
	GlobalSection(SolutionProperties) = preSolution
		HideSolutionNode = FALSE
	EndGlobalSection
EndGlobal
