
Microsoft Visual Studio Solution File, Format Version 11.00
# Visual Studio 2010
Project("{E24C65DC-7377-472B-9ABA-BC803B73C61A}") = "CS_Web_ReducedCode_ReportData", "CS_Web_ReducedCode_ReportData\", "{A79928EC-4112-43ED-A683-E79A509297B8}"
	ProjectSection(WebsiteProperties) = preProject
		TargetFrameworkMoniker = ".NETFramework,Version%3Dv4.0"
		Debug.AspNetCompiler.VirtualPath = "/CS_Web_ReducedCode_ReportData"
		Debug.AspNetCompiler.PhysicalPath = "CS_Web_ReducedCode_ReportData\"
		Debug.AspNetCompiler.TargetPath = "PrecompiledWeb\CS_Web_ReducedCode_ReportData\"
		Debug.AspNetCompiler.Updateable = "true"
		Debug.AspNetCompiler.ForceOverwrite = "true"
		Debug.AspNetCompiler.FixedNames = "false"
		Debug.AspNetCompiler.Debug = "True"
		Release.AspNetCompiler.VirtualPath = "/CS_Web_ReducedCode_ReportData"
		Release.AspNetCompiler.PhysicalPath = "CS_Web_ReducedCode_ReportData\"
		Release.AspNetCompiler.TargetPath = "PrecompiledWeb\CS_Web_ReducedCode_ReportData\"
		Release.AspNetCompiler.Updateable = "true"
		Release.AspNetCompiler.ForceOverwrite = "true"
		Release.AspNetCompiler.FixedNames = "false"
		Release.AspNetCompiler.Debug = "False"
		VWDPort = "14306"
		DefaultWebSiteLanguage = "Visual C#"
	EndProjectSection
EndProject
Global
	GlobalSection(SolutionConfigurationPlatforms) = preSolution
		Debug|.NET = Debug|.NET
	EndGlobalSection
	GlobalSection(ProjectConfigurationPlatforms) = postSolution
		{A79928EC-4112-43ED-A683-E79A509297B8}.Debug|.NET.ActiveCfg = Debug|.NET
		{A79928EC-4112-43ED-A683-E79A509297B8}.Debug|.NET.Build.0 = Debug|.NET
	EndGlobalSection
	GlobalSection(SolutionProperties) = preSolution
		HideSolutionNode = FALSE
	EndGlobalSection
EndGlobal
