
Microsoft Visual Studio Solution File, Format Version 11.00
# Visual Studio 2010
Project("{E24C65DC-7377-472B-9ABA-BC803B73C61A}") = "CS_Web_RDObjMod_ParametersSubrpt", "CS_Web_RDObjMod_ParametersSubrpt\", "{41FDBF72-830B-4759-ACB5-CF680114B805}"
	ProjectSection(WebsiteProperties) = preProject
		TargetFrameworkMoniker = ".NETFramework,Version%3Dv4.0"
		Debug.AspNetCompiler.VirtualPath = "/CS_Web_RDObjMod_ParametersSubrpt"
		Debug.AspNetCompiler.PhysicalPath = "CS_Web_RDObjMod_ParametersSubrpt\"
		Debug.AspNetCompiler.TargetPath = "PrecompiledWeb\CS_Web_RDObjMod_ParametersSubrpt\"
		Debug.AspNetCompiler.Updateable = "true"
		Debug.AspNetCompiler.ForceOverwrite = "true"
		Debug.AspNetCompiler.FixedNames = "false"
		Debug.AspNetCompiler.Debug = "True"
		Release.AspNetCompiler.VirtualPath = "/CS_Web_RDObjMod_ParametersSubrpt"
		Release.AspNetCompiler.PhysicalPath = "CS_Web_RDObjMod_ParametersSubrpt\"
		Release.AspNetCompiler.TargetPath = "PrecompiledWeb\CS_Web_RDObjMod_ParametersSubrpt\"
		Release.AspNetCompiler.Updateable = "true"
		Release.AspNetCompiler.ForceOverwrite = "true"
		Release.AspNetCompiler.FixedNames = "false"
		Release.AspNetCompiler.Debug = "False"
		VWDPort = "4257"
		DefaultWebSiteLanguage = "Visual C#"
	EndProjectSection
EndProject
Global
	GlobalSection(SolutionConfigurationPlatforms) = preSolution
		Debug|.NET = Debug|.NET
	EndGlobalSection
	GlobalSection(ProjectConfigurationPlatforms) = postSolution
		{41FDBF72-830B-4759-ACB5-CF680114B805}.Debug|.NET.ActiveCfg = Debug|.NET
		{41FDBF72-830B-4759-ACB5-CF680114B805}.Debug|.NET.Build.0 = Debug|.NET
	EndGlobalSection
	GlobalSection(SolutionProperties) = preSolution
		HideSolutionNode = FALSE
	EndGlobalSection
EndGlobal
