
Microsoft Visual Studio Solution File, Format Version 11.00
# Visual Studio 2010
Project("{E24C65DC-7377-472B-9ABA-BC803B73C61A}") = "VB_Web_ReducedCode_ReportData", "VB_Web_ReducedCode_ReportData\", "{6D3102CA-DEF8-4317-B9B7-A749BEAB3E3F}"
	ProjectSection(WebsiteProperties) = preProject
		TargetFrameworkMoniker = ".NETFramework,Version%3Dv4.0"
		Debug.AspNetCompiler.VirtualPath = "/VB_Web_ReducedCode_ReportData"
		Debug.AspNetCompiler.PhysicalPath = "VB_Web_ReducedCode_ReportData\"
		Debug.AspNetCompiler.TargetPath = "PrecompiledWeb\VB_Web_ReducedCode_ReportData\"
		Debug.AspNetCompiler.Updateable = "true"
		Debug.AspNetCompiler.ForceOverwrite = "true"
		Debug.AspNetCompiler.FixedNames = "false"
		Debug.AspNetCompiler.Debug = "True"
		Release.AspNetCompiler.VirtualPath = "/VB_Web_ReducedCode_ReportData"
		Release.AspNetCompiler.PhysicalPath = "VB_Web_ReducedCode_ReportData\"
		Release.AspNetCompiler.TargetPath = "PrecompiledWeb\VB_Web_ReducedCode_ReportData\"
		Release.AspNetCompiler.Updateable = "true"
		Release.AspNetCompiler.ForceOverwrite = "true"
		Release.AspNetCompiler.FixedNames = "false"
		Release.AspNetCompiler.Debug = "False"
		VWDPort = "1296"
		DefaultWebSiteLanguage = "Visual Basic"
	EndProjectSection
EndProject
Global
	GlobalSection(SolutionConfigurationPlatforms) = preSolution
		Debug|.NET = Debug|.NET
	EndGlobalSection
	GlobalSection(ProjectConfigurationPlatforms) = postSolution
		{6D3102CA-DEF8-4317-B9B7-A749BEAB3E3F}.Debug|.NET.ActiveCfg = Debug|.NET
		{6D3102CA-DEF8-4317-B9B7-A749BEAB3E3F}.Debug|.NET.Build.0 = Debug|.NET
	EndGlobalSection
	GlobalSection(SolutionProperties) = preSolution
		HideSolutionNode = FALSE
	EndGlobalSection
EndGlobal
