Microsoft Visual Studio Solution File, Format Version 11.00
# Visual Studio 2010
Project("{E24C65DC-7377-472B-9ABA-BC803B73C61A}") = "CS_Web_ReducedCode_WebSiteSetup", "CS_Web_ReducedCode_WebSiteSetup\", "{18E5FE1B-7F10-4D6D-81E1-424963516AE5}"
	ProjectSection(WebsiteProperties) = preProject
		TargetFrameworkMoniker = ".NETFramework,Version%3Dv4.0"
		Debug.AspNetCompiler.VirtualPath = "/CS_Web_ReducedCode_WebSiteSetup"
		Debug.AspNetCompiler.PhysicalPath = "CS_Web_ReducedCode_WebSiteSetup\"
		Debug.AspNetCompiler.TargetPath = "PrecompiledWeb\CS_Web_ReducedCode_WebSiteSetup\"
		Debug.AspNetCompiler.Updateable = "true"
		Debug.AspNetCompiler.ForceOverwrite = "true"
		Debug.AspNetCompiler.FixedNames = "false"
		Debug.AspNetCompiler.Debug = "True"
		Release.AspNetCompiler.VirtualPath = "/CS_Web_ReducedCode_WebSiteSetup"
		Release.AspNetCompiler.PhysicalPath = "CS_Web_ReducedCode_WebSiteSetup\"
		Release.AspNetCompiler.TargetPath = "PrecompiledWeb\CS_Web_ReducedCode_WebSiteSetup\"
		Release.AspNetCompiler.Updateable = "true"
		Release.AspNetCompiler.ForceOverwrite = "true"
		Release.AspNetCompiler.FixedNames = "false"
		Release.AspNetCompiler.Debug = "False"
		VWDPort = "3738"
		DefaultWebSiteLanguage = "Visual C#"
	EndProjectSection
EndProject
Global
	GlobalSection(SolutionConfigurationPlatforms) = preSolution
		Debug|.NET = Debug|.NET
	EndGlobalSection
	GlobalSection(ProjectConfigurationPlatforms) = postSolution
		{18E5FE1B-7F10-4D6D-81E1-424963516AE5}.Debug|.NET.ActiveCfg = Debug|.NET
		{18E5FE1B-7F10-4D6D-81E1-424963516AE5}.Debug|.NET.Build.0 = Debug|.NET
	EndGlobalSection
	GlobalSection(SolutionProperties) = preSolution
		HideSolutionNode = FALSE
	EndGlobalSection
EndGlobal
