
Microsoft Visual Studio Solution File, Format Version 11.00
# Visual Studio 2010
Project("{E24C65DC-7377-472B-9ABA-BC803B73C61A}") = "CS_Web_RDObjMod_DBLogonSubrpt", "CS_Web_RDObjMod_DBLogonSubrpt\", "{01093EA8-A49B-4A9C-B381-40B10E6625CF}"
	ProjectSection(WebsiteProperties) = preProject
		TargetFrameworkMoniker = ".NETFramework,Version%3Dv4.0"
		Debug.AspNetCompiler.VirtualPath = "/CS_Web_RDObjMod_DBLogonSubrpt"
		Debug.AspNetCompiler.PhysicalPath = "CS_Web_RDObjMod_DBLogonSubrpt\"
		Debug.AspNetCompiler.TargetPath = "PrecompiledWeb\CS_Web_RDObjMod_DBLogonSubrpt\"
		Debug.AspNetCompiler.Updateable = "true"
		Debug.AspNetCompiler.ForceOverwrite = "true"
		Debug.AspNetCompiler.FixedNames = "false"
		Debug.AspNetCompiler.Debug = "True"
		Release.AspNetCompiler.VirtualPath = "/CS_Web_RDObjMod_DBLogonSubrpt"
		Release.AspNetCompiler.PhysicalPath = "CS_Web_RDObjMod_DBLogonSubrpt\"
		Release.AspNetCompiler.TargetPath = "PrecompiledWeb\CS_Web_RDObjMod_DBLogonSubrpt\"
		Release.AspNetCompiler.Updateable = "true"
		Release.AspNetCompiler.ForceOverwrite = "true"
		Release.AspNetCompiler.FixedNames = "false"
		Release.AspNetCompiler.Debug = "False"
		VWDPort = "11793"
		DefaultWebSiteLanguage = "Visual C#"
	EndProjectSection
EndProject
Global
	GlobalSection(SolutionConfigurationPlatforms) = preSolution
		Debug|.NET = Debug|.NET
	EndGlobalSection
	GlobalSection(ProjectConfigurationPlatforms) = postSolution
		{01093EA8-A49B-4A9C-B381-40B10E6625CF}.Debug|.NET.ActiveCfg = Debug|.NET
		{01093EA8-A49B-4A9C-B381-40B10E6625CF}.Debug|.NET.Build.0 = Debug|.NET
	EndGlobalSection
	GlobalSection(SolutionProperties) = preSolution
		HideSolutionNode = FALSE
	EndGlobalSection
EndGlobal
