
Microsoft Visual Studio Solution File, Format Version 11.00
# Visual Studio 2010
Project("{E24C65DC-7377-472B-9ABA-BC803B73C61A}") = "VB_Web_RDObjMod_DBLogonSubrpt", "VB_Web_RDObjMod_DBLogonSubrpt\", "{833A6210-344D-4F62-A86C-598BF20C7F27}"
	ProjectSection(WebsiteProperties) = preProject
		TargetFrameworkMoniker = ".NETFramework,Version%3Dv4.0"
		Debug.AspNetCompiler.VirtualPath = "/VB_Web_RDObjMod_DBLogonSubrpt"
		Debug.AspNetCompiler.PhysicalPath = "VB_Web_RDObjMod_DBLogonSubrpt\"
		Debug.AspNetCompiler.TargetPath = "PrecompiledWeb\VB_Web_RDObjMod_DBLogonSubrpt\"
		Debug.AspNetCompiler.Updateable = "true"
		Debug.AspNetCompiler.ForceOverwrite = "true"
		Debug.AspNetCompiler.FixedNames = "false"
		Debug.AspNetCompiler.Debug = "True"
		Release.AspNetCompiler.VirtualPath = "/VB_Web_RDObjMod_DBLogonSubrpt"
		Release.AspNetCompiler.PhysicalPath = "VB_Web_RDObjMod_DBLogonSubrpt\"
		Release.AspNetCompiler.TargetPath = "PrecompiledWeb\VB_Web_RDObjMod_DBLogonSubrpt\"
		Release.AspNetCompiler.Updateable = "true"
		Release.AspNetCompiler.ForceOverwrite = "true"
		Release.AspNetCompiler.FixedNames = "false"
		Release.AspNetCompiler.Debug = "False"
		VWDPort = "11805"
		DefaultWebSiteLanguage = "Visual Basic"
	EndProjectSection
EndProject
Global
	GlobalSection(SolutionConfigurationPlatforms) = preSolution
		Debug|.NET = Debug|.NET
	EndGlobalSection
	GlobalSection(ProjectConfigurationPlatforms) = postSolution
		{833A6210-344D-4F62-A86C-598BF20C7F27}.Debug|.NET.ActiveCfg = Debug|.NET
		{833A6210-344D-4F62-A86C-598BF20C7F27}.Debug|.NET.Build.0 = Debug|.NET
	EndGlobalSection
	GlobalSection(SolutionProperties) = preSolution
		HideSolutionNode = FALSE
	EndGlobalSection
EndGlobal
