Microsoft Visual Studio Solution File, Format Version 11.00
# Visual Studio 2010
Project("{E24C65DC-7377-472B-9ABA-BC803B73C61A}") = "VB_Web_CRVObjMod_CustomizeViewer", "VB_Web_CRVObjMod_CustomizeViewer\", "{84FF4D6A-6606-4D6A-A06B-C6FB2BCBC445}"
	ProjectSection(WebsiteProperties) = preProject
		TargetFrameworkMoniker = ".NETFramework,Version%3Dv4.0"
		Debug.AspNetCompiler.VirtualPath = "/VB_Web_CRVObjMod_CustomizeViewer"
		Debug.AspNetCompiler.PhysicalPath = "VB_Web_CRVObjMod_CustomizeViewer\"
		Debug.AspNetCompiler.TargetPath = "PrecompiledWeb\VB_Web_CRVObjMod_CustomizeViewer\"
		Debug.AspNetCompiler.Updateable = "true"
		Debug.AspNetCompiler.ForceOverwrite = "true"
		Debug.AspNetCompiler.FixedNames = "false"
		Debug.AspNetCompiler.Debug = "True"
		Release.AspNetCompiler.VirtualPath = "/VB_Web_CRVObjMod_CustomizeViewer"
		Release.AspNetCompiler.PhysicalPath = "VB_Web_CRVObjMod_CustomizeViewer\"
		Release.AspNetCompiler.TargetPath = "PrecompiledWeb\VB_Web_CRVObjMod_CustomizeViewer\"
		Release.AspNetCompiler.Updateable = "true"
		Release.AspNetCompiler.ForceOverwrite = "true"
		Release.AspNetCompiler.FixedNames = "false"
		Release.AspNetCompiler.Debug = "False"
		VWDPort = "13132"
		DefaultWebSiteLanguage = "Visual Basic"
	EndProjectSection
EndProject
Global
	GlobalSection(SolutionConfigurationPlatforms) = preSolution
		Debug|.NET = Debug|.NET
	EndGlobalSection
	GlobalSection(ProjectConfigurationPlatforms) = postSolution
		{84FF4D6A-6606-4D6A-A06B-C6FB2BCBC445}.Debug|.NET.ActiveCfg = Debug|.NET
		{84FF4D6A-6606-4D6A-A06B-C6FB2BCBC445}.Debug|.NET.Build.0 = Debug|.NET
	EndGlobalSection
	GlobalSection(SolutionProperties) = preSolution
		HideSolutionNode = FALSE
	EndGlobalSection
EndGlobal
